
Microsoft Visual Studio Solution File, Format Version 12.00
# Visual Studio Version 17
VisualStudioVersion = 17.7.34221.43
MinimumVisualStudioVersion = 10.0.40219.1
Project("{C9674DCB-5085-4A16-B785-4C70DD1589BD}") = "Integration Services Project3 multi csv", "Integration Services Project3 multi csv\Integration Services Project3 multi csv.dtproj", "{F53C100B-EB41-435D-9A5A-727A4BD25A0A}"
EndProject
Global
	GlobalSection(SolutionConfigurationPlatforms) = preSolution
		Development|Default = Development|Default
	EndGlobalSection
	GlobalSection(ProjectConfigurationPlatforms) = postSolution
		{F53C100B-EB41-435D-9A5A-727A4BD25A0A}.Development|Default.ActiveCfg = Development
		{F53C100B-EB41-435D-9A5A-727A4BD25A0A}.Development|Default.Build.0 = Development
	EndGlobalSection
	GlobalSection(SolutionProperties) = preSolution
		HideSolutionNode = FALSE
	EndGlobalSection
	GlobalSection(ExtensibilityGlobals) = postSolution
		SolutionGuid = {7DDE18AE-DB4A-427C-B9DB-1A64E1B9D6C3}
	EndGlobalSection
EndGlobal
